// !$*UTF8*$!
{
	archiveVersion = 1;
	classes = {
	};
	objectVersion = 46;
	objects = {

/* Begin PBXBuildFile section */
		08E51FF11DE53E570067D018 /* AppDelegate.swift in Sources */ = {isa = PBXBuildFile; fileRef = 08E51FF01DE53E570067D018 /* AppDelegate.swift */; };
		08E51FF31DE53E570067D018 /* ViewController.swift in Sources */ = {isa = PBXBuildFile; fileRef = 08E51FF21DE53E570067D018 /* ViewController.swift */; };
		08E51FF61DE53E570067D018 /* Main.storyboard in Resources */ = {isa = PBXBuildFile; fileRef = 08E51FF41DE53E570067D018 /* Main.storyboard */; };
		08E51FF81DE53E570067D018 /* Assets.xcassets in Resources */ = {isa = PBXBuildFile; fileRef = 08E51FF71DE53E570067D018 /* Assets.xcassets */; };
		08E51FFB1DE53E570067D018 /* LaunchScreen.storyboard in Resources */ = {isa = PBXBuildFile; fileRef = 08E51FF91DE53E570067D018 /* LaunchScreen.storyboard */; };
/* End PBXBuildFile section */

/* Begin PBXFileReference section */
		08E51FED1DE53E570067D018 /* zoom2.app */ = {isa = PBXFileReference; explicitFileType = wrapper.application; includeInIndex = 0; path = zoom2.app; sourceTree = BUILT_PRODUCTS_DIR; };
		08E51FF01DE53E570067D018 /* AppDelegate.swift */ = {isa = PBXFileReference; lastKnownFileType = sourcecode.swift; path = AppDelegate.swift; sourceTree = "<group>"; };
		08E51FF21DE53E570067D018 /* ViewController.swift */ = {isa = PBXFileReference; lastKnownFileType = sourcecode.swift; path = ViewController.swift; sourceTree = "<group>"; };
		08E51FF51DE53E570067D018 /* Base */ = {isa = PBXFileReference; lastKnownFileType = file.storyboard; name = Base; path = Base.lproj/Main.storyboard; sourceTree = "<group>"; };
		08E51FF71DE53E570067D018 /* Assets.xcassets */ = {isa = PBXFileReference; lastKnownFileType = folder.assetcatalog; path = Assets.xcassets; sourceTree = "<group>"; };
		08E51FFA1DE53E570067D018 /* Base */ = {isa = PBXFileReference; lastKnownFileType = file.storyboard; name = Base; path = Base.lproj/LaunchScreen.storyboard; sourceTree = "<group>"; };
		08E51FFC1DE53E570067D018 /* Info.plist */ = {isa = PBXFileReference; lastKnownFileType = text.plist.xml; path = Info.plist; sourceTree = "<group>"; };
/* End PBXFileReference section */

/* Begin PBXFrameworksBuildPhase section */
		08E51FEA1DE53E570067D018 /* Frameworks */ = {
			isa = PBXFrameworksBuildPhase;
			buildActionMask = 2147483647;
			files = (
			);
			runOnlyForDeploymentPostprocessing = 0;
		};
/* End PBXFrameworksBuildPhase section */

/* Begin PBXGroup section */
		08E51FE41DE53E570067D018 = {
			isa = PBXGroup;
			children = (
				08E51FEF1DE53E570067D018 /* zoom2 */,
				08E51FEE1DE53E570067D018 /* Products */,
			);
			sourceTree = "<group>";
		};
		08E51FEE1DE53E570067D018 /* Products */ = {
			isa = PBXGroup;
			children = (
				08E51FED1DE53E570067D018 /* zoom2.app */,
			);
			name = Products;
			sourceTree = "<group>";
		};
		08E51FEF1DE53E570067D018 /* zoom2 */ = {
			isa = PBXGroup;
			children = (
				08E51FF01DE53E570067D018 /* AppDelegate.swift */,
				08E51FF21DE53E570067D018 /* ViewController.swift */,
				08E51FF41DE53E570067D018 /* Main.storyboard */,
				08E51FF71DE53E570067D018 /* Assets.xcassets */,
				08E51FF91DE53E570067D018 /* LaunchScreen.storyboard */,
				08E51FFC1DE53E570067D018 /* Info.plist */,
			);
			path = zoom2;
			sourceTree = "<group>";
		};
/* End PBXGroup section */

/* Begin PBXNativeTarget section */
		08E51FEC1DE53E570067D018 /* zoom2 */ = {
			isa = PBXNativeTarget;
			buildConfigurationList = 08E51FFF1DE53E570067D018 /* Build configuration list for PBXNativeTarget "zoom2" */;
			buildPhases = (
				08E51FE91DE53E570067D018 /* Sources */,
				08E51FEA1DE53E570067D018 /* Frameworks */,
				08E51FEB1DE53E570067D018 /* Resources */,
			);
			buildRules = (
			);
			dependencies = (
			);
			name = zoom2;
			productName = zoom2;
			productReference = 08E51FED1DE53E570067D018 /* zoom2.app */;
			productType = "com.apple.product-type.application";
		};
/* End PBXNativeTarget section */

/* Begin PBXProject section */
		08E51FE51DE53E570067D018 /* Project object */ = {
			isa = PBXProject;
			attributes = {
				LastSwiftUpdateCheck = 0810;
				LastUpgradeCheck = 0810;
				ORGANIZATIONNAME = Uberbliss;
				TargetAttributes = {
					08E51FEC1DE53E570067D018 = {
						CreatedOnToolsVersion = 8.1;
						DevelopmentTeam = 6B4FVVK7JQ;
						ProvisioningStyle = Automatic;
					};
				};
			};
			buildConfigurationList = 08E51FE81DE53E570067D018 /* Build configuration list for PBXProject "zoom2" */;
			compatibilityVersion = "Xcode 3.2";
			developmentRegion = English;
			hasScannedForEncodings = 0;
			knownRegions = (
				en,
				Base,
			);
			mainGroup = 08E51FE41DE53E570067D018;
			productRefGroup = 08E51FEE1DE53E570067D018 /* Products */;
			projectDirPath = "";
			projectRoot = "";
			targets = (
				08E51FEC1DE53E570067D018 /* zoom2 */,
			);
		};
/* End PBXProject section */

/* Begin PBXResourcesBuildPhase section */
		08E51FEB1DE53E570067D018 /* Resources */ = {
			isa = PBXResourcesBuildPhase;
			buildActionMask = 2147483647;
			files = (
				08E51FFB1DE53E570067D018 /* LaunchScreen.storyboard in Resources */,
				08E51FF81DE53E570067D018 /* Assets.xcassets in Resources */,
				08E51FF61DE53E570067D018 /* Main.storyboard in Resources */,
			);
			runOnlyForDeploymentPostprocessing = 0;
		};
/* End PBXResourcesBuildPhase section */

/* Begin PBXSourcesBuildPhase section */
		08E51FE91DE53E570067D018 /* Sources */ = {
			isa = PBXSourcesBuildPhase;
			buildActionMask = 2147483647;
			files = (
				08E51FF31DE53E570067D018 /* ViewController.swift in Sources */,
				08E51FF11DE53E570067D018 /* AppDelegate.swift in Sources */,
			);
			runOnlyForDeploymentPostprocessing = 0;
		};
/* End PBXSourcesBuildPhase section */

/* Begin PBXVariantGroup section */
		08E51FF41DE53E570067D018 /* Main.storyboard */ = {
			isa = PBXVariantGroup;
			children = (
				08E51FF51DE53E570067D018 /* Base */,
			);
			name = Main.storyboard;
			sourceTree = "<group>";
		};
		08E51FF91DE53E570067D018 /* LaunchScreen.storyboard */ = {
			isa = PBXVariantGroup;
			children = (
				08E51FFA1DE53E570067D018 /* Base */,
			);
			name = LaunchScreen.storyboard;
			sourceTree = "<group>";
		};
/* End PBXVariantGroup section */

/* Begin XCBuildConfiguration section */
		08E51FFD1DE53E570067D018 /* Debug */ = {
			isa = XCBuildConfiguration;
			buildSettings = {
				ALWAYS_SEARCH_USER_PATHS = NO;
				CLANG_ANALYZER_NONNULL = YES;
				CLANG_CXX_LANGUAGE_STANDARD = "gnu++0x";
				CLANG_CXX_LIBRARY = "libc++";
				CLANG_ENABLE_MODULES = YES;
				CLANG_ENABLE_OBJC_ARC = YES;
				CLANG_WARN_BOOL_CONVERSION = YES;
				CLANG_WARN_CONSTANT_CONVERSION = YES;
				CLANG_WARN_DIRECT_OBJC_ISA_USAGE = YES_ERROR;
				CLANG_WARN_DOCUMENTATION_COMMENTS = YES;
				CLANG_WARN_EMPTY_BODY = YES;
				CLANG_WARN_ENUM_CONVERSION = YES;
				CLANG_WARN_INFINITE_RECURSION = YES;
				CLANG_WARN_INT_CONVERSION = YES;
				CLANG_WARN_OBJC_ROOT_CLASS = YES_ERROR;
				CLANG_WARN_SUSPICIOUS_MOVES = YES;
				CLANG_WARN_UNREACHABLE_CODE = YES;
				CLANG_WARN__DUPLICATE_METHOD_MATCH = YES;
				"CODE_SIGN_IDENTITY[sdk=iphoneos*]" = "iPhone Developer";
				COPY_PHASE_STRIP = NO;
				DEBUG_INFORMATION_FORMAT = dwarf;
				ENABLE_STRICT_OBJC_MSGSEND = YES;
				ENABLE_TESTABILITY = YES;
				GCC_C_LANGUAGE_STANDARD = gnu99;
				GCC_DYNAMIC_NO_PIC = NO;
				GCC_NO_COMMON_BLOCKS = YES;
				GCC_OPTIMIZATION_LEVEL = 0;
				GCC_PREPROCESSOR_DEFINITIONS = (
					"DEBUG=1",
					"$(inherited)",
				);
				GCC_WARN_64_TO_32_BIT_CONVERSION = YES;
				GCC_WARN_ABOUT_RETURN_TYPE = YES_ERROR;
				GCC_WARN_UNDECLARED_SELECTOR = YES;
				GCC_WARN_UNINITIALIZED_AUTOS = YES_AGGRESSIVE;
				GCC_WARN_UNUSED_FUNCTION = YES;
				GCC_WARN_UNUSED_VARIABLE = YES;
				IPHONEOS_DEPLOYMENT_TARGET = 10.1;
				MTL_ENABLE_DEBUG_INFO = YES;
				ONLY_ACTIVE_ARCH = YES;
				SDKROOT = iphoneos;
				SWIFT_ACTIVE_COMPILATION_CONDITIONS = DEBUG;
				SWIFT_OPTIMIZATION_LEVEL = "-Onone";
				TARGETED_DEVICE_FAMILY = "1,2";
			};
			name = Debug;
		};
		08E51FFE1DE53E570067D018 /* Release */ = {
			isa = XCBuildConfiguration;
			buildSettings = {
				ALWAYS_SEARCH_USER_PATHS = NO;
				CLANG_ANALYZER_NONNULL = YES;
				CLANG_CXX_LANGUAGE_STANDARD = "gnu++0x";
				CLANG_CXX_LIBRARY = "libc++";
				CLANG_ENABLE_MODULES = YES;
				CLANG_ENABLE_OBJC_ARC = YES;
				CLANG_WARN_BOOL_CONVERSION = YES;
				CLANG_WARN_CONSTANT_CONVERSION = YES;
				CLANG_WARN_DIRECT_OBJC_ISA_USAGE = YES_ERROR;
				CLANG_WARN_DOCUMENTATION_COMMENTS = YES;
				CLANG_WARN_EMPTY_BODY = YES;
				CLANG_WARN_ENUM_CONVERSION = YES;
				CLANG_WARN_INFINITE_RECURSION = YES;
				CLANG_WARN_INT_CONVERSION = YES;
				CLANG_WARN_OBJC_ROOT_CLASS = YES_ERROR;
				CLANG_WARN_SUSPICIOUS_MOVES = YES;
				CLANG_WARN_UNREACHABLE_CODE = YES;
				CLANG_WARN__DUPLICATE_METHOD_MATCH = YES;
				"CODE_SIGN_IDENTITY[sdk=iphoneos*]" = "iPhone Developer";
				COPY_PHASE_STRIP = NO;
				DEBUG_INFORMATION_FORMAT = "dwarf-with-dsym";
				ENABLE_NS_ASSERTIONS = NO;
				ENABLE_STRICT_OBJC_MSGSEND = YES;
				GCC_C_LANGUAGE_STANDARD = gnu99;
				GCC_NO_COMMON_BLOCKS = YES;
				GCC_WARN_64_TO_32_BIT_CONVERSION = YES;
				GCC_WARN_ABOUT_RETURN_TYPE = YES_ERROR;
				GCC_WARN_UNDECLARED_SELECTOR = YES;
				GCC_WARN_UNINITIALIZED_AUTOS = YES_AGGRESSIVE;
				GCC_WARN_UNUSED_FUNCTION = YES;
				GCC_WARN_UNUSED_VARIABLE = YES;
				IPHONEOS_DEPLOYMENT_TARGET = 10.1;
				MTL_ENABLE_DEBUG_INFO = NO;
				SDKROOT = iphoneos;
				SWIFT_OPTIMIZATION_LEVEL = "-Owholemodule";
				TARGETED_DEVICE_FAMILY = "1,2";
				VALIDATE_PRODUCT = YES;
			};
			name = Release;
		};
		08E520001DE53E570067D018 /* Debug */ = {
			isa = XCBuildConfiguration;
			buildSettings = {
				ASSETCATALOG_COMPILER_APPICON_NAME = AppIcon;
				DEVELOPMENT_TEAM = 6B4FVVK7JQ;
				INFOPLIST_FILE = zoom2/Info.plist;
				LD_RUNPATH_SEARCH_PATHS = "$(inherited) @executable_path/Frameworks";
				PRODUCT_BUNDLE_IDENTIFIER = com.uberbliss.zoom2;
				PRODUCT_NAME = "$(TARGET_NAME)";
				SWIFT_VERSION = 3.0;
			};
			name = Debug;
		};
		08E520011DE53E570067D018 /* Release */ = {
			isa = XCBuildConfiguration;
			buildSettings = {
				ASSETCATALOG_COMPILER_APPICON_NAME = AppIcon;
				DEVELOPMENT_TEAM = 6B4FVVK7JQ;
				INFOPLIST_FILE = zoom2/Info.plist;
				LD_RUNPATH_SEARCH_PATHS = "$(inherited) @executable_path/Frameworks";
				PRODUCT_BUNDLE_IDENTIFIER = com.uberbliss.zoom2;
				PRODUCT_NAME = "$(TARGET_NAME)";
				SWIFT_VERSION = 3.0;
			};
			name = Release;
		};
/* End XCBuildConfiguration section */

/* Begin XCConfigurationList section */
		08E51FE81DE53E570067D018 /* Build configuration list for PBXProject "zoom2" */ = {
			isa = XCConfigurationList;
			buildConfigurations = (
				08E51FFD1DE53E570067D018 /* Debug */,
				08E51FFE1DE53E570067D018 /* Release */,
			);
			defaultConfigurationIsVisible = 0;
			defaultConfigurationName = Release;
		};
		08E51FFF1DE53E570067D018 /* Build configuration list for PBXNativeTarget "zoom2" */ = {
			isa = XCConfigurationList;
			buildConfigurations = (
				08E520001DE53E570067D018 /* Debug */,
				08E520011DE53E570067D018 /* Release */,
			);
			defaultConfigurationIsVisible = 0;
		};
/* End XCConfigurationList section */
	};
	rootObject = 08E51FE51DE53E570067D018 /* Project object */;
}
